
Microsoft Visual Studio Solution File, Format Version 12.00
# Visual Studio Version 17
VisualStudioVersion = 17.4.33213.308
MinimumVisualStudioVersion = 10.0.40219.1
Project("{FAE04EC0-301F-11D3-BF4B-00C04F79EFBC}") = "ConsoleAstroServer", "ConsoleAstroServer.csproj", "{45B83BC4-8150-4D41-B2A2-D6E5833C891B}"
EndProject
Global
	GlobalSection(SolutionConfigurationPlatforms) = preSolution
		Debug|Any CPU = Debug|Any CPU
		Release|Any CPU = Release|Any CPU
	EndGlobalSection
	GlobalSection(ProjectConfigurationPlatforms) = postSolution
		{45B83BC4-8150-4D41-B2A2-D6E5833C891B}.Debug|Any CPU.ActiveCfg = Debug|Any CPU
		{45B83BC4-8150-4D41-B2A2-D6E5833C891B}.Debug|Any CPU.Build.0 = Debug|Any CPU
		{45B83BC4-8150-4D41-B2A2-D6E5833C891B}.Release|Any CPU.ActiveCfg = Release|Any CPU
		{45B83BC4-8150-4D41-B2A2-D6E5833C891B}.Release|Any CPU.Build.0 = Release|Any CPU
	EndGlobalSection
	GlobalSection(SolutionProperties) = preSolution
		HideSolutionNode = FALSE
	EndGlobalSection
	GlobalSection(ExtensibilityGlobals) = postSolution
		SolutionGuid = {B8889247-8487-411C-9330-99B22A3C2619}
	EndGlobalSection
EndGlobal
